
Microsoft Visual Studio Solution File, Format Version 12.00
# Visual Studio Version 17
VisualStudioVersion = 17.1.32328.378
MinimumVisualStudioVersion = 10.0.40219.1
Project("{54A90642-561A-4BB1-A94E-469ADEE60C69}") = "eblooddonor-app", "eblooddonor-app\eblooddonor-app.esproj", "{0618D09E-8ED3-4149-A7FB-68E7D7665D17}"
EndProject
Global
	GlobalSection(SolutionConfigurationPlatforms) = preSolution
		Debug|Any CPU = Debug|Any CPU
		Release|Any CPU = Release|Any CPU
	EndGlobalSection
	GlobalSection(ProjectConfigurationPlatforms) = postSolution
		{0618D09E-8ED3-4149-A7FB-68E7D7665D17}.Debug|Any CPU.ActiveCfg = Debug|Any CPU
		{0618D09E-8ED3-4149-A7FB-68E7D7665D17}.Debug|Any CPU.Build.0 = Debug|Any CPU
		{0618D09E-8ED3-4149-A7FB-68E7D7665D17}.Debug|Any CPU.Deploy.0 = Debug|Any CPU
		{0618D09E-8ED3-4149-A7FB-68E7D7665D17}.Release|Any CPU.ActiveCfg = Release|Any CPU
		{0618D09E-8ED3-4149-A7FB-68E7D7665D17}.Release|Any CPU.Build.0 = Release|Any CPU
		{0618D09E-8ED3-4149-A7FB-68E7D7665D17}.Release|Any CPU.Deploy.0 = Release|Any CPU
	EndGlobalSection
	GlobalSection(SolutionProperties) = preSolution
		HideSolutionNode = FALSE
	EndGlobalSection
	GlobalSection(ExtensibilityGlobals) = postSolution
		SolutionGuid = {F233E705-17E8-481E-A5AD-27583614B370}
	EndGlobalSection
EndGlobal
